{
    "_meta": {
        "hash": {
            "sha256": "4544c734a3b85eca1390219e82a5603703d5c4780a77d431b4aa3940aeaabde1"
        },
        "pipfile-spec": 6,
        "requires": {
            "python_version": "3.6"
        },
        "sources": [
            {
                "name": "pypi",
                "url": "https://pypi.org/simple",
                "verify_ssl": true
            }
        ]
    },
    "default": {
        "tqdm": {
            "hashes": [
                "sha256:14a285392c32b6f8222ecfbcd217838f88e11630affe9006cd0e94c7eff3cb61",
                "sha256:25d4c0ea02a305a688e7e9c2cdc8f862f989ef2a4701ab28ee963295f5b109ab"
            ],
            "index": "pypi",
            "version": "==4.32.2"
        }
    },
    "develop": {}
}
