{
    "_meta": {
        "hash": {
            "sha256": "3285d8e4336b627493570217ab8af57b19f6192a22a6dcf5f691090aabcf59d0"
        },
        "pipfile-spec": 6,
        "requires": {
            "python_version": "3.6"
        },
        "sources": [
            {
                "name": "pypi",
                "url": "https://pypi.org/simple",
                "verify_ssl": true
            }
        ]
    },
    "default": {
        "fastprogress": {
            "hashes": [
                "sha256:155f5101fe7f1df1583b8e311ca06a2ff65788d99a06a9cf9e54598140f5a5d2",
                "sha256:dd295792e91130a813c418bb39166280c71a3b7ec6d34cdbbcf6b2100c20e481"
            ],
            "index": "pypi",
            "version": "==0.1.21"
        }
    },
    "develop": {}
}
